
Microsoft Visual Studio Solution File, Format Version 12.00
# Visual Studio Version 16
VisualStudioVersion = 16.0.30907.101
MinimumVisualStudioVersion = 10.0.40219.1
Project("{FAE04EC0-301F-11D3-BF4B-00C04F79EFBC}") = "1415_lab_03", "1415_lab_03\1415_lab_03.csproj", "{5A112556-6A13-4055-AD99-5C4EF8BB5FD0}"
EndProject
Global
	GlobalSection(SolutionConfigurationPlatforms) = preSolution
		Debug|Any CPU = Debug|Any CPU
		Release|Any CPU = Release|Any CPU
	EndGlobalSection
	GlobalSection(ProjectConfigurationPlatforms) = postSolution
		{5A112556-6A13-4055-AD99-5C4EF8BB5FD0}.Debug|Any CPU.ActiveCfg = Debug|Any CPU
		{5A112556-6A13-4055-AD99-5C4EF8BB5FD0}.Debug|Any CPU.Build.0 = Debug|Any CPU
		{5A112556-6A13-4055-AD99-5C4EF8BB5FD0}.Release|Any CPU.ActiveCfg = Release|Any CPU
		{5A112556-6A13-4055-AD99-5C4EF8BB5FD0}.Release|Any CPU.Build.0 = Release|Any CPU
	EndGlobalSection
	GlobalSection(SolutionProperties) = preSolution
		HideSolutionNode = FALSE
	EndGlobalSection
	GlobalSection(ExtensibilityGlobals) = postSolution
		SolutionGuid = {27EAC815-084C-41BB-9FE5-B43C1D9CDAD0}
	EndGlobalSection
EndGlobal
